// !$*UTF8*$!
{
	archiveVersion = 1;
	classes = {
	};
	objectVersion = 50;
	objects = {

/* Begin PBXBuildFile section */
		87B6C97723F6C2FD00FDD31A /* AppDelegate.swift in Sources */ = {isa = PBXBuildFile; fileRef = 87B6C97623F6C2FD00FDD31A /* AppDelegate.swift */; };
		87B6C97923F6C2FD00FDD31A /* SceneDelegate.swift in Sources */ = {isa = PBXBuildFile; fileRef = 87B6C97823F6C2FD00FDD31A /* SceneDelegate.swift */; };
		87B6C97B23F6C2FD00FDD31A /* ViewController.swift in Sources */ = {isa = PBXBuildFile; fileRef = 87B6C97A23F6C2FD00FDD31A /* ViewController.swift */; };
		87B6C97E23F6C2FD00FDD31A /* Main.storyboard in Resources */ = {isa = PBXBuildFile; fileRef = 87B6C97C23F6C2FD00FDD31A /* Main.storyboard */; };
		87B6C98023F6C2FF00FDD31A /* Assets.xcassets in Resources */ = {isa = PBXBuildFile; fileRef = 87B6C97F23F6C2FF00FDD31A /* Assets.xcassets */; };
		87B6C98323F6C2FF00FDD31A /* LaunchScreen.storyboard in Resources */ = {isa = PBXBuildFile; fileRef = 87B6C98123F6C2FF00FDD31A /* LaunchScreen.storyboard */; };
		87B6C98F23F6C76700FDD31A /* TodayWeather.swift in Sources */ = {isa = PBXBuildFile; fileRef = 87B6C98E23F6C76700FDD31A /* TodayWeather.swift */; };
		87B6C99223F6DFC400FDD31A /* CollectionViewCell.swift in Sources */ = {isa = PBXBuildFile; fileRef = 87B6C99023F6DFC400FDD31A /* CollectionViewCell.swift */; };
		87B6C99323F6DFC400FDD31A /* CollectionViewCell.xib in Resources */ = {isa = PBXBuildFile; fileRef = 87B6C99123F6DFC400FDD31A /* CollectionViewCell.xib */; };
/* End PBXBuildFile section */

/* Begin PBXFileReference section */
		87B6C97323F6C2FD00FDD31A /* FakeWeatther.app */ = {isa = PBXFileReference; explicitFileType = wrapper.application; includeInIndex = 0; path = FakeWeatther.app; sourceTree = BUILT_PRODUCTS_DIR; };
		87B6C97623F6C2FD00FDD31A /* AppDelegate.swift */ = {isa = PBXFileReference; lastKnownFileType = sourcecode.swift; path = AppDelegate.swift; sourceTree = "<group>"; };
		87B6C97823F6C2FD00FDD31A /* SceneDelegate.swift */ = {isa = PBXFileReference; lastKnownFileType = sourcecode.swift; path = SceneDelegate.swift; sourceTree = "<group>"; };
		87B6C97A23F6C2FD00FDD31A /* ViewController.swift */ = {isa = PBXFileReference; lastKnownFileType = sourcecode.swift; path = ViewController.swift; sourceTree = "<group>"; };
		87B6C97D23F6C2FD00FDD31A /* Base */ = {isa = PBXFileReference; lastKnownFileType = file.storyboard; name = Base; path = Base.lproj/Main.storyboard; sourceTree = "<group>"; };
		87B6C97F23F6C2FF00FDD31A /* Assets.xcassets */ = {isa = PBXFileReference; lastKnownFileType = folder.assetcatalog; path = Assets.xcassets; sourceTree = "<group>"; };
		87B6C98223F6C2FF00FDD31A /* Base */ = {isa = PBXFileReference; lastKnownFileType = file.storyboard; name = Base; path = Base.lproj/LaunchScreen.storyboard; sourceTree = "<group>"; };
		87B6C98423F6C2FF00FDD31A /* Info.plist */ = {isa = PBXFileReference; lastKnownFileType = text.plist.xml; path = Info.plist; sourceTree = "<group>"; };
		87B6C98E23F6C76700FDD31A /* TodayWeather.swift */ = {isa = PBXFileReference; lastKnownFileType = sourcecode.swift; path = TodayWeather.swift; sourceTree = "<group>"; };
		87B6C99023F6DFC400FDD31A /* CollectionViewCell.swift */ = {isa = PBXFileReference; lastKnownFileType = sourcecode.swift; path = CollectionViewCell.swift; sourceTree = "<group>"; };
		87B6C99123F6DFC400FDD31A /* CollectionViewCell.xib */ = {isa = PBXFileReference; lastKnownFileType = file.xib; path = CollectionViewCell.xib; sourceTree = "<group>"; };
/* End PBXFileReference section */

/* Begin PBXFrameworksBuildPhase section */
		87B6C97023F6C2FD00FDD31A /* Frameworks */ = {
			isa = PBXFrameworksBuildPhase;
			buildActionMask = 2147483647;
			files = (
			);
			runOnlyForDeploymentPostprocessing = 0;
		};
/* End PBXFrameworksBuildPhase section */

/* Begin PBXGroup section */
		87B6C96A23F6C2FD00FDD31A = {
			isa = PBXGroup;
			children = (
				87B6C97523F6C2FD00FDD31A /* FakeWeatther */,
				87B6C97423F6C2FD00FDD31A /* Products */,
			);
			sourceTree = "<group>";
		};
		87B6C97423F6C2FD00FDD31A /* Products */ = {
			isa = PBXGroup;
			children = (
				87B6C97323F6C2FD00FDD31A /* FakeWeatther.app */,
			);
			name = Products;
			sourceTree = "<group>";
		};
		87B6C97523F6C2FD00FDD31A /* FakeWeatther */ = {
			isa = PBXGroup;
			children = (
				87B6C98D23F6C74400FDD31A /* Model */,
				87B6C98A23F6C60E00FDD31A /* View */,
				87B6C97623F6C2FD00FDD31A /* AppDelegate.swift */,
				87B6C97823F6C2FD00FDD31A /* SceneDelegate.swift */,
				87B6C97A23F6C2FD00FDD31A /* ViewController.swift */,
				87B6C97C23F6C2FD00FDD31A /* Main.storyboard */,
				87B6C97F23F6C2FF00FDD31A /* Assets.xcassets */,
				87B6C98123F6C2FF00FDD31A /* LaunchScreen.storyboard */,
				87B6C98423F6C2FF00FDD31A /* Info.plist */,
			);
			path = FakeWeatther;
			sourceTree = "<group>";
		};
		87B6C98A23F6C60E00FDD31A /* View */ = {
			isa = PBXGroup;
			children = (
				87B6C99123F6DFC400FDD31A /* CollectionViewCell.xib */,
			);
			path = View;
			sourceTree = "<group>";
		};
		87B6C98D23F6C74400FDD31A /* Model */ = {
			isa = PBXGroup;
			children = (
				87B6C99023F6DFC400FDD31A /* CollectionViewCell.swift */,
				87B6C98E23F6C76700FDD31A /* TodayWeather.swift */,
			);
			path = Model;
			sourceTree = "<group>";
		};
/* End PBXGroup section */

/* Begin PBXNativeTarget section */
		87B6C97223F6C2FD00FDD31A /* FakeWeatther */ = {
			isa = PBXNativeTarget;
			buildConfigurationList = 87B6C98723F6C2FF00FDD31A /* Build configuration list for PBXNativeTarget "FakeWeatther" */;
			buildPhases = (
				87B6C96F23F6C2FD00FDD31A /* Sources */,
				87B6C97023F6C2FD00FDD31A /* Frameworks */,
				87B6C97123F6C2FD00FDD31A /* Resources */,
			);
			buildRules = (
			);
			dependencies = (
			);
			name = FakeWeatther;
			productName = FakeWeatther;
			productReference = 87B6C97323F6C2FD00FDD31A /* FakeWeatther.app */;
			productType = "com.apple.product-type.application";
		};
/* End PBXNativeTarget section */

/* Begin PBXProject section */
		87B6C96B23F6C2FD00FDD31A /* Project object */ = {
			isa = PBXProject;
			attributes = {
				LastSwiftUpdateCheck = 1110;
				LastUpgradeCheck = 1110;
				ORGANIZATIONNAME = Trung;
				TargetAttributes = {
					87B6C97223F6C2FD00FDD31A = {
						CreatedOnToolsVersion = 11.1;
					};
				};
			};
			buildConfigurationList = 87B6C96E23F6C2FD00FDD31A /* Build configuration list for PBXProject "FakeWeatther" */;
			compatibilityVersion = "Xcode 9.3";
			developmentRegion = en;
			hasScannedForEncodings = 0;
			knownRegions = (
				en,
				Base,
			);
			mainGroup = 87B6C96A23F6C2FD00FDD31A;
			productRefGroup = 87B6C97423F6C2FD00FDD31A /* Products */;
			projectDirPath = "";
			projectRoot = "";
			targets = (
				87B6C97223F6C2FD00FDD31A /* FakeWeatther */,
			);
		};
/* End PBXProject section */

/* Begin PBXResourcesBuildPhase section */
		87B6C97123F6C2FD00FDD31A /* Resources */ = {
			isa = PBXResourcesBuildPhase;
			buildActionMask = 2147483647;
			files = (
				87B6C98323F6C2FF00FDD31A /* LaunchScreen.storyboard in Resources */,
				87B6C98023F6C2FF00FDD31A /* Assets.xcassets in Resources */,
				87B6C99323F6DFC400FDD31A /* CollectionViewCell.xib in Resources */,
				87B6C97E23F6C2FD00FDD31A /* Main.storyboard in Resources */,
			);
			runOnlyForDeploymentPostprocessing = 0;
		};
/* End PBXResourcesBuildPhase section */

/* Begin PBXSourcesBuildPhase section */
		87B6C96F23F6C2FD00FDD31A /* Sources */ = {
			isa = PBXSourcesBuildPhase;
			buildActionMask = 2147483647;
			files = (
				87B6C99223F6DFC400FDD31A /* CollectionViewCell.swift in Sources */,
				87B6C97B23F6C2FD00FDD31A /* ViewController.swift in Sources */,
				87B6C97723F6C2FD00FDD31A /* AppDelegate.swift in Sources */,
				87B6C98F23F6C76700FDD31A /* TodayWeather.swift in Sources */,
				87B6C97923F6C2FD00FDD31A /* SceneDelegate.swift in Sources */,
			);
			runOnlyForDeploymentPostprocessing = 0;
		};
/* End PBXSourcesBuildPhase section */

/* Begin PBXVariantGroup section */
		87B6C97C23F6C2FD00FDD31A /* Main.storyboard */ = {
			isa = PBXVariantGroup;
			children = (
				87B6C97D23F6C2FD00FDD31A /* Base */,
			);
			name = Main.storyboard;
			sourceTree = "<group>";
		};
		87B6C98123F6C2FF00FDD31A /* LaunchScreen.storyboard */ = {
			isa = PBXVariantGroup;
			children = (
				87B6C98223F6C2FF00FDD31A /* Base */,
			);
			name = LaunchScreen.storyboard;
			sourceTree = "<group>";
		};
/* End PBXVariantGroup section */

/* Begin XCBuildConfiguration section */
		87B6C98523F6C2FF00FDD31A /* Debug */ = {
			isa = XCBuildConfiguration;
			buildSettings = {
				ALWAYS_SEARCH_USER_PATHS = NO;
				CLANG_ANALYZER_NONNULL = YES;
				CLANG_ANALYZER_NUMBER_OBJECT_CONVERSION = YES_AGGRESSIVE;
				CLANG_CXX_LANGUAGE_STANDARD = "gnu++14";
				CLANG_CXX_LIBRARY = "libc++";
				CLANG_ENABLE_MODULES = YES;
				CLANG_ENABLE_OBJC_ARC = YES;
				CLANG_ENABLE_OBJC_WEAK = YES;
				CLANG_WARN_BLOCK_CAPTURE_AUTORELEASING = YES;
				CLANG_WARN_BOOL_CONVERSION = YES;
				CLANG_WARN_COMMA = YES;
				CLANG_WARN_CONSTANT_CONVERSION = YES;
				CLANG_WARN_DEPRECATED_OBJC_IMPLEMENTATIONS = YES;
				CLANG_WARN_DIRECT_OBJC_ISA_USAGE = YES_ERROR;
				CLANG_WARN_DOCUMENTATION_COMMENTS = YES;
				CLANG_WARN_EMPTY_BODY = YES;
				CLANG_WARN_ENUM_CONVERSION = YES;
				CLANG_WARN_INFINITE_RECURSION = YES;
				CLANG_WARN_INT_CONVERSION = YES;
				CLANG_WARN_NON_LITERAL_NULL_CONVERSION = YES;
				CLANG_WARN_OBJC_IMPLICIT_RETAIN_SELF = YES;
				CLANG_WARN_OBJC_LITERAL_CONVERSION = YES;
				CLANG_WARN_OBJC_ROOT_CLASS = YES_ERROR;
				CLANG_WARN_RANGE_LOOP_ANALYSIS = YES;
				CLANG_WARN_STRICT_PROTOTYPES = YES;
				CLANG_WARN_SUSPICIOUS_MOVE = YES;
				CLANG_WARN_UNGUARDED_AVAILABILITY = YES_AGGRESSIVE;
				CLANG_WARN_UNREACHABLE_CODE = YES;
				CLANG_WARN__DUPLICATE_METHOD_MATCH = YES;
				COPY_PHASE_STRIP = NO;
				DEBUG_INFORMATION_FORMAT = dwarf;
				ENABLE_STRICT_OBJC_MSGSEND = YES;
				ENABLE_TESTABILITY = YES;
				GCC_C_LANGUAGE_STANDARD = gnu11;
				GCC_DYNAMIC_NO_PIC = NO;
				GCC_NO_COMMON_BLOCKS = YES;
				GCC_OPTIMIZATION_LEVEL = 0;
				GCC_PREPROCESSOR_DEFINITIONS = (
					"DEBUG=1",
					"$(inherited)",
				);
				GCC_WARN_64_TO_32_BIT_CONVERSION = YES;
				GCC_WARN_ABOUT_RETURN_TYPE = YES_ERROR;
				GCC_WARN_UNDECLARED_SELECTOR = YES;
				GCC_WARN_UNINITIALIZED_AUTOS = YES_AGGRESSIVE;
				GCC_WARN_UNUSED_FUNCTION = YES;
				GCC_WARN_UNUSED_VARIABLE = YES;
				IPHONEOS_DEPLOYMENT_TARGET = 13.1;
				MTL_ENABLE_DEBUG_INFO = INCLUDE_SOURCE;
				MTL_FAST_MATH = YES;
				ONLY_ACTIVE_ARCH = YES;
				SDKROOT = iphoneos;
				SWIFT_ACTIVE_COMPILATION_CONDITIONS = DEBUG;
				SWIFT_OPTIMIZATION_LEVEL = "-Onone";
			};
			name = Debug;
		};
		87B6C98623F6C2FF00FDD31A /* Release */ = {
			isa = XCBuildConfiguration;
			buildSettings = {
				ALWAYS_SEARCH_USER_PATHS = NO;
				CLANG_ANALYZER_NONNULL = YES;
				CLANG_ANALYZER_NUMBER_OBJECT_CONVERSION = YES_AGGRESSIVE;
				CLANG_CXX_LANGUAGE_STANDARD = "gnu++14";
				CLANG_CXX_LIBRARY = "libc++";
				CLANG_ENABLE_MODULES = YES;
				CLANG_ENABLE_OBJC_ARC = YES;
				CLANG_ENABLE_OBJC_WEAK = YES;
				CLANG_WARN_BLOCK_CAPTURE_AUTORELEASING = YES;
				CLANG_WARN_BOOL_CONVERSION = YES;
				CLANG_WARN_COMMA = YES;
				CLANG_WARN_CONSTANT_CONVERSION = YES;
				CLANG_WARN_DEPRECATED_OBJC_IMPLEMENTATIONS = YES;
				CLANG_WARN_DIRECT_OBJC_ISA_USAGE = YES_ERROR;
				CLANG_WARN_DOCUMENTATION_COMMENTS = YES;
				CLANG_WARN_EMPTY_BODY = YES;
				CLANG_WARN_ENUM_CONVERSION = YES;
				CLANG_WARN_INFINITE_RECURSION = YES;
				CLANG_WARN_INT_CONVERSION = YES;
				CLANG_WARN_NON_LITERAL_NULL_CONVERSION = YES;
				CLANG_WARN_OBJC_IMPLICIT_RETAIN_SELF = YES;
				CLANG_WARN_OBJC_LITERAL_CONVERSION = YES;
				CLANG_WARN_OBJC_ROOT_CLASS = YES_ERROR;
				CLANG_WARN_RANGE_LOOP_ANALYSIS = YES;
				CLANG_WARN_STRICT_PROTOTYPES = YES;
				CLANG_WARN_SUSPICIOUS_MOVE = YES;
				CLANG_WARN_UNGUARDED_AVAILABILITY = YES_AGGRESSIVE;
				CLANG_WARN_UNREACHABLE_CODE = YES;
				CLANG_WARN__DUPLICATE_METHOD_MATCH = YES;
				COPY_PHASE_STRIP = NO;
				DEBUG_INFORMATION_FORMAT = "dwarf-with-dsym";
				ENABLE_NS_ASSERTIONS = NO;
				ENABLE_STRICT_OBJC_MSGSEND = YES;
				GCC_C_LANGUAGE_STANDARD = gnu11;
				GCC_NO_COMMON_BLOCKS = YES;
				GCC_WARN_64_TO_32_BIT_CONVERSION = YES;
				GCC_WARN_ABOUT_RETURN_TYPE = YES_ERROR;
				GCC_WARN_UNDECLARED_SELECTOR = YES;
				GCC_WARN_UNINITIALIZED_AUTOS = YES_AGGRESSIVE;
				GCC_WARN_UNUSED_FUNCTION = YES;
				GCC_WARN_UNUSED_VARIABLE = YES;
				IPHONEOS_DEPLOYMENT_TARGET = 13.1;
				MTL_ENABLE_DEBUG_INFO = NO;
				MTL_FAST_MATH = YES;
				SDKROOT = iphoneos;
				SWIFT_COMPILATION_MODE = wholemodule;
				SWIFT_OPTIMIZATION_LEVEL = "-O";
				VALIDATE_PRODUCT = YES;
			};
			name = Release;
		};
		87B6C98823F6C2FF00FDD31A /* Debug */ = {
			isa = XCBuildConfiguration;
			buildSettings = {
				ASSETCATALOG_COMPILER_APPICON_NAME = AppIcon;
				CODE_SIGN_STYLE = Automatic;
				INFOPLIST_FILE = FakeWeatther/Info.plist;
				IPHONEOS_DEPLOYMENT_TARGET = 13.0;
				LD_RUNPATH_SEARCH_PATHS = (
					"$(inherited)",
					"@executable_path/Frameworks",
				);
				PRODUCT_BUNDLE_IDENTIFIER = tao.quynh.FakeWeatther;
				PRODUCT_NAME = "$(TARGET_NAME)";
				SWIFT_VERSION = 5.0;
				TARGETED_DEVICE_FAMILY = "1,2";
			};
			name = Debug;
		};
		87B6C98923F6C2FF00FDD31A /* Release */ = {
			isa = XCBuildConfiguration;
			buildSettings = {
				ASSETCATALOG_COMPILER_APPICON_NAME = AppIcon;
				CODE_SIGN_STYLE = Automatic;
				INFOPLIST_FILE = FakeWeatther/Info.plist;
				IPHONEOS_DEPLOYMENT_TARGET = 13.0;
				LD_RUNPATH_SEARCH_PATHS = (
					"$(inherited)",
					"@executable_path/Frameworks",
				);
				PRODUCT_BUNDLE_IDENTIFIER = tao.quynh.FakeWeatther;
				PRODUCT_NAME = "$(TARGET_NAME)";
				SWIFT_VERSION = 5.0;
				TARGETED_DEVICE_FAMILY = "1,2";
			};
			name = Release;
		};
/* End XCBuildConfiguration section */

/* Begin XCConfigurationList section */
		87B6C96E23F6C2FD00FDD31A /* Build configuration list for PBXProject "FakeWeatther" */ = {
			isa = XCConfigurationList;
			buildConfigurations = (
				87B6C98523F6C2FF00FDD31A /* Debug */,
				87B6C98623F6C2FF00FDD31A /* Release */,
			);
			defaultConfigurationIsVisible = 0;
			defaultConfigurationName = Release;
		};
		87B6C98723F6C2FF00FDD31A /* Build configuration list for PBXNativeTarget "FakeWeatther" */ = {
			isa = XCConfigurationList;
			buildConfigurations = (
				87B6C98823F6C2FF00FDD31A /* Debug */,
				87B6C98923F6C2FF00FDD31A /* Release */,
			);
			defaultConfigurationIsVisible = 0;
			defaultConfigurationName = Release;
		};
/* End XCConfigurationList section */
	};
	rootObject = 87B6C96B23F6C2FD00FDD31A /* Project object */;
}
